
Microsoft Visual Studio Solution File, Format Version 12.00
Project("{2150E333-8FDC-42A3-9474-1A3956D46DE8}") = "Solution Items", "Solution Items", "{5AC700BF-41B7-49AC-8F31-D84EC335320E}"
	ProjectSection(SolutionItems) = preProject
		.gitignore = .gitignore
		README.md = README.md
	EndProjectSection
EndProject
Project("{FAE04EC0-301F-11D3-BF4B-00C04F79EFBC}") = "BoardGameStore.WebAPI", "BoardGameStore.WebAPI\BoardGameStore.WebAPI.csproj", "{9784C715-87B9-47C2-8BC9-C10483571E0A}"
EndProject
Project("{FAE04EC0-301F-11D3-BF4B-00C04F79EFBC}") = "BoardGameStore.BL", "BoardGameStore.BL\BoardGameStore.BL.csproj", "{6130FE66-30D3-4167-9CE1-BD1F1F34F50D}"
EndProject
Project("{FAE04EC0-301F-11D3-BF4B-00C04F79EFBC}") = "BoardGameStore.DataAccess", "BoardGameStore.DataAccess\BoardGameStore.DataAccess.csproj", "{4E88186E-8134-4E30-A32A-DE03637CD64F}"
EndProject
Project("{FAE04EC0-301F-11D3-BF4B-00C04F79EFBC}") = "BoardGameStore.UnitTests", "BoardGameStore.UnitTests\BoardGameStore.UnitTests.csproj", "{C5D540AF-C2F8-4CE1-9749-94D4E6D054FC}"
EndProject
Project("{FAE04EC0-301F-11D3-BF4B-00C04F79EFBC}") = "BoardGameStore.BL.UnitTests", "BoardGameStore.BL.UnitTests\BoardGameStore.BL.UnitTests.csproj", "{34B716CD-79A0-4AF3-B2A8-EE0E2F5480B3}"
EndProject
Global
	GlobalSection(SolutionConfigurationPlatforms) = preSolution
		Debug|Any CPU = Debug|Any CPU
		Release|Any CPU = Release|Any CPU
	EndGlobalSection
	GlobalSection(ProjectConfigurationPlatforms) = postSolution
		{9784C715-87B9-47C2-8BC9-C10483571E0A}.Debug|Any CPU.ActiveCfg = Debug|Any CPU
		{9784C715-87B9-47C2-8BC9-C10483571E0A}.Debug|Any CPU.Build.0 = Debug|Any CPU
		{9784C715-87B9-47C2-8BC9-C10483571E0A}.Release|Any CPU.ActiveCfg = Release|Any CPU
		{9784C715-87B9-47C2-8BC9-C10483571E0A}.Release|Any CPU.Build.0 = Release|Any CPU
		{6130FE66-30D3-4167-9CE1-BD1F1F34F50D}.Debug|Any CPU.ActiveCfg = Debug|Any CPU
		{6130FE66-30D3-4167-9CE1-BD1F1F34F50D}.Debug|Any CPU.Build.0 = Debug|Any CPU
		{6130FE66-30D3-4167-9CE1-BD1F1F34F50D}.Release|Any CPU.ActiveCfg = Release|Any CPU
		{6130FE66-30D3-4167-9CE1-BD1F1F34F50D}.Release|Any CPU.Build.0 = Release|Any CPU
		{4E88186E-8134-4E30-A32A-DE03637CD64F}.Debug|Any CPU.ActiveCfg = Debug|Any CPU
		{4E88186E-8134-4E30-A32A-DE03637CD64F}.Debug|Any CPU.Build.0 = Debug|Any CPU
		{4E88186E-8134-4E30-A32A-DE03637CD64F}.Release|Any CPU.ActiveCfg = Release|Any CPU
		{4E88186E-8134-4E30-A32A-DE03637CD64F}.Release|Any CPU.Build.0 = Release|Any CPU
		{C5D540AF-C2F8-4CE1-9749-94D4E6D054FC}.Debug|Any CPU.ActiveCfg = Debug|Any CPU
		{C5D540AF-C2F8-4CE1-9749-94D4E6D054FC}.Debug|Any CPU.Build.0 = Debug|Any CPU
		{C5D540AF-C2F8-4CE1-9749-94D4E6D054FC}.Release|Any CPU.ActiveCfg = Release|Any CPU
		{C5D540AF-C2F8-4CE1-9749-94D4E6D054FC}.Release|Any CPU.Build.0 = Release|Any CPU
		{34B716CD-79A0-4AF3-B2A8-EE0E2F5480B3}.Debug|Any CPU.ActiveCfg = Debug|Any CPU
		{34B716CD-79A0-4AF3-B2A8-EE0E2F5480B3}.Debug|Any CPU.Build.0 = Debug|Any CPU
		{34B716CD-79A0-4AF3-B2A8-EE0E2F5480B3}.Release|Any CPU.ActiveCfg = Release|Any CPU
		{34B716CD-79A0-4AF3-B2A8-EE0E2F5480B3}.Release|Any CPU.Build.0 = Release|Any CPU
	EndGlobalSection
	GlobalSection(NestedProjects) = preSolution
	EndGlobalSection
EndGlobal
